
Microsoft Visual Studio Solution File, Format Version 12.00
Project("{FAE04EC0-301F-11D3-BF4B-00C04F79EFBC}") = "Bonum.Ocr", "Bonum.Ocr\Bonum.Ocr.csproj", "{E7AC0024-4916-4E81-8DAE-2FD633EE77A4}"
EndProject
Project("{FAE04EC0-301F-11D3-BF4B-00C04F79EFBC}") = "Bonum.Contracts", "Bonum.Contracts\Bonum.Contracts.csproj", "{F06DA8A2-57F3-4F0A-A651-E0C8F528C49D}"
EndProject
Project("{FAE04EC0-301F-11D3-BF4B-00C04F79EFBC}") = "Bonum.Api", "Bonum.Api\Bonum.Api.csproj", "{CF64850B-7503-482A-B88B-45882CC2DAB6}"
EndProject
Project("{FAE04EC0-301F-11D3-BF4B-00C04F79EFBC}") = "Bonum.Shared", "Bonum.Shared\Bonum.Shared.csproj", "{D48FE034-A1CB-43A4-BF45-BACC3EED49C4}"
EndProject
Project("{FAE04EC0-301F-11D3-BF4B-00C04F79EFBC}") = "Bonum.Tests", "Bonum.Tests\Bonum.Tests.csproj", "{C529C98A-7101-4643-B8FA-DB1B88F5FAA2}"
EndProject
Project("{2150E333-8FDC-42A3-9474-1A3956D46DE8}") = "Docker", "Docker", "{89115020-0A66-464F-B248-AF0DF8F903D6}"
	ProjectSection(SolutionItems) = preProject
		..\compose.yaml = ..\compose.yaml
		Bonum.Api.Dockerfile = Bonum.Api.Dockerfile
		Bonum.Ocr.Dockerfile = Bonum.Ocr.Dockerfile
	EndProjectSection
EndProject
Project("{2150E333-8FDC-42A3-9474-1A3956D46DE8}") = "GitRepository", "GitRepository", "{6DB6C5D3-B846-4F84-A5AA-4C900813D0B7}"
	ProjectSection(SolutionItems) = preProject
		..\README.md = ..\README.md
	EndProjectSection
EndProject
Global
	GlobalSection(SolutionConfigurationPlatforms) = preSolution
		Debug|Any CPU = Debug|Any CPU
		Release|Any CPU = Release|Any CPU
	EndGlobalSection
	GlobalSection(ProjectConfigurationPlatforms) = postSolution
		{E7AC0024-4916-4E81-8DAE-2FD633EE77A4}.Debug|Any CPU.ActiveCfg = Debug|Any CPU
		{E7AC0024-4916-4E81-8DAE-2FD633EE77A4}.Debug|Any CPU.Build.0 = Debug|Any CPU
		{E7AC0024-4916-4E81-8DAE-2FD633EE77A4}.Release|Any CPU.ActiveCfg = Release|Any CPU
		{E7AC0024-4916-4E81-8DAE-2FD633EE77A4}.Release|Any CPU.Build.0 = Release|Any CPU
		{F06DA8A2-57F3-4F0A-A651-E0C8F528C49D}.Debug|Any CPU.ActiveCfg = Debug|Any CPU
		{F06DA8A2-57F3-4F0A-A651-E0C8F528C49D}.Debug|Any CPU.Build.0 = Debug|Any CPU
		{F06DA8A2-57F3-4F0A-A651-E0C8F528C49D}.Release|Any CPU.ActiveCfg = Release|Any CPU
		{F06DA8A2-57F3-4F0A-A651-E0C8F528C49D}.Release|Any CPU.Build.0 = Release|Any CPU
		{CF64850B-7503-482A-B88B-45882CC2DAB6}.Debug|Any CPU.ActiveCfg = Debug|Any CPU
		{CF64850B-7503-482A-B88B-45882CC2DAB6}.Debug|Any CPU.Build.0 = Debug|Any CPU
		{CF64850B-7503-482A-B88B-45882CC2DAB6}.Release|Any CPU.ActiveCfg = Release|Any CPU
		{CF64850B-7503-482A-B88B-45882CC2DAB6}.Release|Any CPU.Build.0 = Release|Any CPU
		{D48FE034-A1CB-43A4-BF45-BACC3EED49C4}.Debug|Any CPU.ActiveCfg = Debug|Any CPU
		{D48FE034-A1CB-43A4-BF45-BACC3EED49C4}.Debug|Any CPU.Build.0 = Debug|Any CPU
		{D48FE034-A1CB-43A4-BF45-BACC3EED49C4}.Release|Any CPU.ActiveCfg = Release|Any CPU
		{D48FE034-A1CB-43A4-BF45-BACC3EED49C4}.Release|Any CPU.Build.0 = Release|Any CPU
		{C529C98A-7101-4643-B8FA-DB1B88F5FAA2}.Debug|Any CPU.ActiveCfg = Debug|Any CPU
		{C529C98A-7101-4643-B8FA-DB1B88F5FAA2}.Debug|Any CPU.Build.0 = Debug|Any CPU
		{C529C98A-7101-4643-B8FA-DB1B88F5FAA2}.Release|Any CPU.ActiveCfg = Release|Any CPU
		{C529C98A-7101-4643-B8FA-DB1B88F5FAA2}.Release|Any CPU.Build.0 = Release|Any CPU
	EndGlobalSection
EndGlobal
